{
  "com.fasterxml:oss-parent:75": {
    "oss-parent-75.pom": {
      "url": "https://repo.maven.apache.org/maven2/com/fasterxml/oss-parent/75/oss-parent-75.pom",
      "hash": "sha256-/LvxwYyQR+aRfThPIGTiG0Klj8hfsFI6ni4BXv98YZ0="
    }
  },
  "com.fasterxml.jackson:jackson-base:2.21.3": {
    "jackson-base-2.21.3.pom": {
      "url": "https://repo.maven.apache.org/maven2/com/fasterxml/jackson/jackson-base/2.21.3/jackson-base-2.21.3.pom",
      "hash": "sha256-xELoDDE7VTLbLqfc0g4KAw+odvJACDRqS44Qof0uP/g="
    }
  },
  "com.fasterxml.jackson:jackson-bom:2.21.3": {
    "jackson-bom-2.21.3.pom": {
      "url": "https://repo.maven.apache.org/maven2/com/fasterxml/jackson/jackson-bom/2.21.3/jackson-bom-2.21.3.pom",
      "hash": "sha256-BccqDyCuH9ec7X7SnP9y2yhC0WCXCn6gM06bX9BH1Zc="
    }
  },
  "com.fasterxml.jackson:jackson-parent:2.21": {
    "jackson-parent-2.21.pom": {
      "url": "https://repo.maven.apache.org/maven2/com/fasterxml/jackson/jackson-parent/2.21/jackson-parent-2.21.pom",
      "hash": "sha256-OFHfYn+utGiHuVYQRjC3Sou7X33iLpdM8VmC4g4Dc94="
    }
  },
  "com.fasterxml.jackson.core:jackson-annotations:2.21": {
    "jackson-annotations-2.21.jar": {
      "url": "https://repo.maven.apache.org/maven2/com/fasterxml/jackson/core/jackson-annotations/2.21/jackson-annotations-2.21.jar",
      "hash": "sha256-U8oIX0oVD3A/SeGqvZNb0DtD4eo9VdE1Q4KSryLO9Ws="
    },
    "jackson-annotations-2.21.module": {
      "url": "https://repo.maven.apache.org/maven2/com/fasterxml/jackson/core/jackson-annotations/2.21/jackson-annotations-2.21.module",
      "hash": "sha256-yuj/7OwzKLbsuxOOJ0IY8v4cdymg6CTaVZJogQCVrUQ="
    },
    "jackson-annotations-2.21.pom": {
      "url": "https://repo.maven.apache.org/maven2/com/fasterxml/jackson/core/jackson-annotations/2.21/jackson-annotations-2.21.pom",
      "hash": "sha256-ccrFOSFR4qUozJoJF58KM0F58FxS+OWWz1jd8Suyfys="
    }
  },
  "com.fasterxml.jackson.core:jackson-core:2.21.3": {
    "jackson-core-2.21.3.jar": {
      "url": "https://repo.maven.apache.org/maven2/com/fasterxml/jackson/core/jackson-core/2.21.3/jackson-core-2.21.3.jar",
      "hash": "sha256-uvi3OenZuTvNsz8lBGv9uNvXTJfeKoaYU5++DH7qwLs="
    },
    "jackson-core-2.21.3.module": {
      "url": "https://repo.maven.apache.org/maven2/com/fasterxml/jackson/core/jackson-core/2.21.3/jackson-core-2.21.3.module",
      "hash": "sha256-Oo16qn2FkIvxkaH2sqngDg77Viok2JShyrjnpFzfxs8="
    },
    "jackson-core-2.21.3.pom": {
      "url": "https://repo.maven.apache.org/maven2/com/fasterxml/jackson/core/jackson-core/2.21.3/jackson-core-2.21.3.pom",
      "hash": "sha256-t7i+9Rpmfc4nBvbq5X4megm/FgUHRjJVsKhUgFcjBHI="
    }
  },
  "com.fasterxml.jackson.core:jackson-databind:2.21.3": {
    "jackson-databind-2.21.3.jar": {
      "url": "https://repo.maven.apache.org/maven2/com/fasterxml/jackson/core/jackson-databind/2.21.3/jackson-databind-2.21.3.jar",
      "hash": "sha256-85dWPY5nYwwQyrjCM0yg5Vr4Mvo+veFgo3nCyW1DvyU="
    },
    "jackson-databind-2.21.3.module": {
      "url": "https://repo.maven.apache.org/maven2/com/fasterxml/jackson/core/jackson-databind/2.21.3/jackson-databind-2.21.3.module",
      "hash": "sha256-aeyjtvp+FA2CxKsy1DYbTHPdqyeN4u4R1NOO/fWdrH0="
    },
    "jackson-databind-2.21.3.pom": {
      "url": "https://repo.maven.apache.org/maven2/com/fasterxml/jackson/core/jackson-databind/2.21.3/jackson-databind-2.21.3.pom",
      "hash": "sha256-GtcwZNlrjQKDccdJnGgHymjAh+1usDl2Y1qJTPMwEK4="
    }
  },
  "com.google.code.findbugs:jsr305:3.0.2": {
    "jsr305-3.0.2.jar": {
      "url": "https://plugins.gradle.org/m2/com/google/code/findbugs/jsr305/3.0.2/jsr305-3.0.2.jar",
      "hash": "sha256-dmrSoHg/JoeWLIrXTO7MOKKLn3Ki0IXuQ4t4E+ko0Mc="
    },
    "jsr305-3.0.2.pom": {
      "url": "https://plugins.gradle.org/m2/com/google/code/findbugs/jsr305/3.0.2/jsr305-3.0.2.pom",
      "hash": "sha256-GYidvfGyVLJgGl7mRbgUepdGRIgil2hMeYr+XWPXjf4="
    }
  },
  "com.google.gradle:osdetector-gradle-plugin:1.7.3": {
    "osdetector-gradle-plugin-1.7.3.jar": {
      "url": "https://plugins.gradle.org/m2/com/google/gradle/osdetector-gradle-plugin/1.7.3/osdetector-gradle-plugin-1.7.3.jar",
      "hash": "sha256-a0aS+ROiGx+2Axae54uo8+SrKvnXYq+cqIt5EmwcCtE="
    },
    "osdetector-gradle-plugin-1.7.3.pom": {
      "url": "https://plugins.gradle.org/m2/com/google/gradle/osdetector-gradle-plugin/1.7.3/osdetector-gradle-plugin-1.7.3.pom",
      "hash": "sha256-hGDJUBJ8o1mHZhYeOLT/jWO01p+4MQoW4As1E1ABDBE="
    }
  },
  "io.freefair.gradle:lombok-plugin:9.5.0": {
    "lombok-plugin-9.5.0.jar": {
      "url": "https://plugins.gradle.org/m2/io/freefair/gradle/lombok-plugin/9.5.0/lombok-plugin-9.5.0.jar",
      "hash": "sha256-wzhmNBvOdKNj95jouIlcUkAec2Y22XxI7nwe37eLOBw="
    },
    "lombok-plugin-9.5.0.module": {
      "url": "https://plugins.gradle.org/m2/io/freefair/gradle/lombok-plugin/9.5.0/lombok-plugin-9.5.0.module",
      "hash": "sha256-YMC1p9uDDrsXlXgwQix4YJJLBt36cPWS0jL9TWnicGI="
    },
    "lombok-plugin-9.5.0.pom": {
      "url": "https://plugins.gradle.org/m2/io/freefair/gradle/lombok-plugin/9.5.0/lombok-plugin-9.5.0.pom",
      "hash": "sha256-ZTs8WkK0fX/9rN4L0c55bjWUBbCaSuISF3qBud+3aYg="
    }
  },
  "io.freefair.lombok:io.freefair.lombok.gradle.plugin:9.5.0": {
    "io.freefair.lombok.gradle.plugin-9.5.0.pom": {
      "url": "https://plugins.gradle.org/m2/io/freefair/lombok/io.freefair.lombok.gradle.plugin/9.5.0/io.freefair.lombok.gradle.plugin-9.5.0.pom",
      "hash": "sha256-VctE1czYHztX23WKglDn2Gbe0LHf2IEIoEhhJbhXr68="
    }
  },
  "kr.motd.maven:os-maven-plugin:1.7.1": {
    "os-maven-plugin-1.7.1.jar": {
      "url": "https://plugins.gradle.org/m2/kr/motd/maven/os-maven-plugin/1.7.1/os-maven-plugin-1.7.1.jar",
      "hash": "sha256-9Hru+Ggh5SsrGHWJeL0EXwPXIikuMudHCCEixiKJUuA="
    },
    "os-maven-plugin-1.7.1.pom": {
      "url": "https://plugins.gradle.org/m2/kr/motd/maven/os-maven-plugin/1.7.1/os-maven-plugin-1.7.1.pom",
      "hash": "sha256-S3WABEIrljPdMY8p54Tx0YC9ilkgzVCvGTCGH21qVHY="
    }
  },
  "org.beryx:badass-jlink-plugin:4.0.0": {
    "badass-jlink-plugin-4.0.0.jar": {
      "url": "https://plugins.gradle.org/m2/org/beryx/badass-jlink-plugin/4.0.0/badass-jlink-plugin-4.0.0.jar",
      "hash": "sha256-xHUVV3sKt2tEv0pCT2nqYSZzqpabtzKDbri4BmOTusQ="
    },
    "badass-jlink-plugin-4.0.0.module": {
      "url": "https://plugins.gradle.org/m2/org/beryx/badass-jlink-plugin/4.0.0/badass-jlink-plugin-4.0.0.module",
      "hash": "sha256-lDf1JWSIKwmXgitUaQM44qwZ5dbISxgdqEquzPphK2o="
    },
    "badass-jlink-plugin-4.0.0.pom": {
      "url": "https://plugins.gradle.org/m2/org/beryx/badass-jlink-plugin/4.0.0/badass-jlink-plugin-4.0.0.pom",
      "hash": "sha256-QJ9mev20NgY9i4nxnWrkWzOEuU6BWXblw3qzZJPKgSc="
    }
  },
  "org.beryx.jlink:org.beryx.jlink.gradle.plugin:4.0.0": {
    "org.beryx.jlink.gradle.plugin-4.0.0.pom": {
      "url": "https://plugins.gradle.org/m2/org/beryx/jlink/org.beryx.jlink.gradle.plugin/4.0.0/org.beryx.jlink.gradle.plugin-4.0.0.pom",
      "hash": "sha256-CLbhRc6ZkoxyLJkrkcnmx93x4BrHZEVjNuM20/z7YbQ="
    }
  },
  "org.gradle.toolchains:foojay-resolver:1.0.0": {
    "foojay-resolver-1.0.0.jar": {
      "url": "https://plugins.gradle.org/m2/org/gradle/toolchains/foojay-resolver/1.0.0/foojay-resolver-1.0.0.jar",
      "hash": "sha256-eLhqR9/fdpfJvRXaeJg/2A2nJH1uAvwQa98H4DiLYKg="
    },
    "foojay-resolver-1.0.0.module": {
      "url": "https://plugins.gradle.org/m2/org/gradle/toolchains/foojay-resolver/1.0.0/foojay-resolver-1.0.0.module",
      "hash": "sha256-YZDPDkLmZMEeGsCnhWmasCtUnOo0OSxnnzbYosVQ/Lk="
    },
    "foojay-resolver-1.0.0.pom": {
      "url": "https://plugins.gradle.org/m2/org/gradle/toolchains/foojay-resolver/1.0.0/foojay-resolver-1.0.0.pom",
      "hash": "sha256-m8SLSeQi2e2rw5asGNiwQd/CIhLX+ujjVmfShdSBApo="
    }
  },
  "org.gradle.toolchains.foojay-resolver-convention:org.gradle.toolchains.foojay-resolver-convention.gradle.plugin:1.0.0": {
    "org.gradle.toolchains.foojay-resolver-convention.gradle.plugin-1.0.0.pom": {
      "url": "https://plugins.gradle.org/m2/org/gradle/toolchains/foojay-resolver-convention/org.gradle.toolchains.foojay-resolver-convention.gradle.plugin/1.0.0/org.gradle.toolchains.foojay-resolver-convention.gradle.plugin-1.0.0.pom",
      "hash": "sha256-8TMkmhh1Suah0nAdANhJsa+6ewaD3bX8GxinAHHOwvo="
    }
  },
  "org.junit:junit-bom:5.14.1": {
    "junit-bom-5.14.1.module": {
      "url": "https://repo.maven.apache.org/maven2/org/junit/junit-bom/5.14.1/junit-bom-5.14.1.module",
      "hash": "sha256-J4rLEczJmYaUIkOG+W+0lBoi7bQstEbJLg8fMwFLa0g="
    },
    "junit-bom-5.14.1.pom": {
      "url": "https://repo.maven.apache.org/maven2/org/junit/junit-bom/5.14.1/junit-bom-5.14.1.pom",
      "hash": "sha256-AbAd+jZlULQKxXYFSKfXKLYQnRfEUeg4ZNHl4M6GLJQ="
    }
  },
  "org.openjfx:javafx:25": {
    "javafx-25.pom": {
      "url": "https://repo.maven.apache.org/maven2/org/openjfx/javafx/25/javafx-25.pom",
      "hash": "sha256-55IzCPyt1/LGiwcgQfR9jnNVIj2EZVnutceA3EuivxM="
    }
  },
  "org.openjfx:javafx-base:25": {
    "javafx-base-25-linux.jar": {
      "url": "https://repo.maven.apache.org/maven2/org/openjfx/javafx-base/25/javafx-base-25-linux.jar",
      "hash": "sha256-MkJZRruLjbBxfPovsuAOIc1InzW5ZitvrKGLYVpKlmk="
    },
    "javafx-base-25.pom": {
      "url": "https://repo.maven.apache.org/maven2/org/openjfx/javafx-base/25/javafx-base-25.pom",
      "hash": "sha256-XFYpcqK673qkB7J9Wc4XOl6lCht7dRgEO3/I92/v5Tc="
    }
  },
  "org.openjfx:javafx-controls:25": {
    "javafx-controls-25-linux.jar": {
      "url": "https://repo.maven.apache.org/maven2/org/openjfx/javafx-controls/25/javafx-controls-25-linux.jar",
      "hash": "sha256-NzVeTZHGfoj9mBX2AeasW1Xd3p9em5P8j0qgRXfmkdM="
    },
    "javafx-controls-25.pom": {
      "url": "https://repo.maven.apache.org/maven2/org/openjfx/javafx-controls/25/javafx-controls-25.pom",
      "hash": "sha256-74cad6gX7nuDrKWKKe6yv5h2AvRseKHRXEYAgzpq1uM="
    }
  },
  "org.openjfx:javafx-fxml:25": {
    "javafx-fxml-25-linux.jar": {
      "url": "https://repo.maven.apache.org/maven2/org/openjfx/javafx-fxml/25/javafx-fxml-25-linux.jar",
      "hash": "sha256-OUrjL2TBIsFPvRDvSb3efbsFVpt6uOf58XDIGSS5Wis="
    },
    "javafx-fxml-25.pom": {
      "url": "https://repo.maven.apache.org/maven2/org/openjfx/javafx-fxml/25/javafx-fxml-25.pom",
      "hash": "sha256-RopsFNQeVHnwNK4v4FPwyJEpfqJoo8dtf/047zyrsio="
    }
  },
  "org.openjfx:javafx-graphics:25": {
    "javafx-graphics-25-linux.jar": {
      "url": "https://repo.maven.apache.org/maven2/org/openjfx/javafx-graphics/25/javafx-graphics-25-linux.jar",
      "hash": "sha256-PlGLwX7lWFWaKsWKX3/UUmFRCNnVCI9lsTvuk5nDcis="
    },
    "javafx-graphics-25.pom": {
      "url": "https://repo.maven.apache.org/maven2/org/openjfx/javafx-graphics/25/javafx-graphics-25.pom",
      "hash": "sha256-zB2jY7Id7uvymRWBk9qmIB+USw+Setv13DhL62qDOfQ="
    }
  },
  "org.openjfx:javafx-plugin:0.1.0": {
    "javafx-plugin-0.1.0.jar": {
      "url": "https://plugins.gradle.org/m2/org/openjfx/javafx-plugin/0.1.0/javafx-plugin-0.1.0.jar",
      "hash": "sha256-Xq7sB5m0QGRrDKTP2iGaMttr4rpXktAyoNpKOlw4j6s="
    },
    "javafx-plugin-0.1.0.module": {
      "url": "https://plugins.gradle.org/m2/org/openjfx/javafx-plugin/0.1.0/javafx-plugin-0.1.0.module",
      "hash": "sha256-rf+3RA0kntF8BJOD1nBp+UU7F3gncMAFtoKkNBbYNmE="
    },
    "javafx-plugin-0.1.0.pom": {
      "url": "https://plugins.gradle.org/m2/org/openjfx/javafx-plugin/0.1.0/javafx-plugin-0.1.0.pom",
      "hash": "sha256-NMjfVSfrWjXl8AmjzeH3oInEzkoOclgC8uy+UDu9PLY="
    }
  },
  "org.openjfx.javafxplugin:org.openjfx.javafxplugin.gradle.plugin:0.1.0": {
    "org.openjfx.javafxplugin.gradle.plugin-0.1.0.pom": {
      "url": "https://plugins.gradle.org/m2/org/openjfx/javafxplugin/org.openjfx.javafxplugin.gradle.plugin/0.1.0/org.openjfx.javafxplugin.gradle.plugin-0.1.0.pom",
      "hash": "sha256-1tASf/Q2PQAXPDV6mByec+/wPDCl0Ohq2CtgVPrvqEE="
    }
  },
  "org.projectlombok:lombok:1.18.44": {
    "lombok-1.18.44.jar": {
      "url": "https://repo.maven.apache.org/maven2/org/projectlombok/lombok/1.18.44/lombok-1.18.44.jar",
      "hash": "sha256-xukb/cNYux77Je4YXpWq+bYABD5fgdA712rvwBA1v4Y="
    },
    "lombok-1.18.44.pom": {
      "url": "https://repo.maven.apache.org/maven2/org/projectlombok/lombok/1.18.44/lombok-1.18.44.pom",
      "hash": "sha256-OVHse72PKj1jcndGuCxzpU0+xEqe4l/8L2PGmW6eUGo="
    }
  },
  "org.sonatype.oss:oss-parent:9": {
    "oss-parent-9.pom": {
      "url": "https://plugins.gradle.org/m2/org/sonatype/oss/oss-parent/9/oss-parent-9.pom",
      "hash": "sha256-+0AmX5glSCEv+C42LllzKyGH7G8NgBgohcFO8fmCgno="
    }
  },
  "org.sonatype.oss:oss-parent:7": {
    "oss-parent-7.pom": {
      "url": "https://plugins.gradle.org/m2/org/sonatype/oss/oss-parent/7/oss-parent-7.pom",
      "hash": "sha256-tR+IZ8kranIkmVV/w6H96ne9+e9XRyL+kM5DailVlFQ="
    }
  }
}